{
  "name": "extensions",
  "lockfileVersion": 3,
  "requires": true,
  "packages": {
    "": {
      "dependencies": {
        "coc-biome": ">=1.8.0",
        "coc-css": ">=2.1.0",
        "coc-elixir": ">=0.7.0",
        "coc-eslint": ">=1.6.0",
        "coc-json": ">=1.9.2",
        "coc-prettier": ">=9.3.2",
        "coc-rust-analyzer": ">=0.75.0",
        "coc-tsserver": ">=2.2.0",
        "coc-yaml": ">=1.9.0"
      }
    },
    "node_modules/coc-biome": {
      "version": "1.8.0",
      "resolved": "https://registry.npmjs.org/coc-biome/-/coc-biome-1.8.0.tgz",
      "integrity": "sha512-7Xc+Ef7IDcsEo/4IpbXzCeDRP7Ez3JatWWbQ7GrD0YuKPjsoJo1ZxF0i0bKobH0828nMZotpf06smiwkuqujdw==",
      "license": "MIT",
      "engines": {
        "coc": "^0.0.82"
      }
    },
    "node_modules/coc-css": {
      "version": "2.1.0",
      "resolved": "https://registry.npmjs.org/coc-css/-/coc-css-2.1.0.tgz",
      "integrity": "sha512-4DG6chaAQg5pQ4B4WLff04+AzKrQo9+WRDJIl0j0Mmcx7IOPP4QE+m00mDuyowsw4eZvaQ/Mc8bwtg5MbPdIcQ==",
      "license": "MIT",
      "engines": {
        "coc": "^0.0.82"
      }
    },
    "node_modules/coc-elixir": {
      "version": "0.7.0",
      "resolved": "https://registry.npmjs.org/coc-elixir/-/coc-elixir-0.7.0.tgz",
      "integrity": "sha512-Wn/7fOYm6Tw7wDha1lQonN4O6NLHSmp7ZY1eAmEFZDYBpVsLG6I0WdQACbI7cpe4Jt5dH4g7D1IvtfL1jDbN9A==",
      "license": "MIT",
      "engines": {
        "coc": "^0.0.4"
      }
    },
    "node_modules/coc-eslint": {
      "version": "1.7.0",
      "resolved": "https://registry.npmjs.org/coc-eslint/-/coc-eslint-1.7.0.tgz",
      "integrity": "sha512-NCL4qXmj9CClh9E87BagmHx4wLmKL7OzK0eLBZMovXphG5woHKPLwMfDOfoNEthloE4G3bG3TzoMsQIwhKvayA==",
      "license": "MIT",
      "engines": {
        "coc": "^0.0.80"
      }
    },
    "node_modules/coc-json": {
      "version": "1.9.2",
      "resolved": "https://registry.npmjs.org/coc-json/-/coc-json-1.9.2.tgz",
      "integrity": "sha512-6fflZTS2d8bJFKXGBIb9uGSkB8tRa+VIcSvX6GAxKRyiz4ft4116c6MGG9bPh+qe7Gwe/+FomBMW7gB08GEjTQ==",
      "engines": {
        "coc": ">= 0.0.80"
      }
    },
    "node_modules/coc-prettier": {
      "version": "9.3.2",
      "resolved": "https://registry.npmjs.org/coc-prettier/-/coc-prettier-9.3.2.tgz",
      "integrity": "sha512-1F7neWO2jp0r5aJVMhnYe3nzkEVP5SbwwORkdrD9bEGvt0+pvIC/GFwCYmw6pijY5OMhowCPVJ1qKoAwF9OSBQ==",
      "license": "MIT",
      "dependencies": {
        "prettier": "^2.6.2"
      },
      "engines": {
        "coc": ">= 0.0.80"
      }
    },
    "node_modules/coc-rust-analyzer": {
      "version": "0.77.5",
      "resolved": "https://registry.npmjs.org/coc-rust-analyzer/-/coc-rust-analyzer-0.77.5.tgz",
      "integrity": "sha512-8I+5ak2/nqPyrcSZFUfHFNsPmPEOLsY38oKNQR2s7uMD8N88mc3/bept7cLo4RQYqrjQmmjF9dI9pVDC8gpDIw==",
      "license": "MIT",
      "engines": {
        "coc": "^0.0.80"
      }
    },
    "node_modules/coc-tsserver": {
      "version": "2.2.0",
      "resolved": "https://registry.npmjs.org/coc-tsserver/-/coc-tsserver-2.2.0.tgz",
      "integrity": "sha512-XUhAHtYOBHgLobVODFNONdJkCmFbsjS/8nMH95IQYRE0ECzwljupPOrGKBQa7OiGyWqQ5CAJfZJcbhzCHWdr+Q==",
      "license": "MIT",
      "dependencies": {
        "typescript": "^5.3.2"
      },
      "engines": {
        "coc": "^0.0.82"
      }
    },
    "node_modules/coc-yaml": {
      "version": "1.9.0",
      "resolved": "https://registry.npmjs.org/coc-yaml/-/coc-yaml-1.9.0.tgz",
      "integrity": "sha512-3O5E/9qSIjxMfilrLTElmRk1drBr1ot2+1KTOKjFIBeQphi4QBvnDbtGtqMCy5odMowe6HbAeo7aIran6e4rGw==",
      "dependencies": {
        "prettier": "2.0.5"
      },
      "engines": {
        "coc": "^0.0.80"
      }
    },
    "node_modules/coc-yaml/node_modules/prettier": {
      "version": "2.0.5",
      "resolved": "https://registry.npmjs.org/prettier/-/prettier-2.0.5.tgz",
      "integrity": "sha512-7PtVymN48hGcO4fGjybyBSIWDsLU4H4XlvOHfq91pz9kkGlonzwTfYkaIEwiRg/dAJF9YlbsduBAgtYLi+8cFg==",
      "bin": {
        "prettier": "bin-prettier.js"
      },
      "engines": {
        "node": ">=10.13.0"
      }
    },
    "node_modules/prettier": {
      "version": "2.8.8",
      "resolved": "https://registry.npmjs.org/prettier/-/prettier-2.8.8.tgz",
      "integrity": "sha512-tdN8qQGvNjw4CHbY+XXk0JgCXn9QiF21a55rBe5LJAU+kDyC4WQn4+awm2Xfk2lQMk5fKup9XgzTZtGkjBdP9Q==",
      "license": "MIT",
      "bin": {
        "prettier": "bin-prettier.js"
      },
      "engines": {
        "node": ">=10.13.0"
      },
      "funding": {
        "url": "https://github.com/prettier/prettier?sponsor=1"
      }
    },
    "node_modules/typescript": {
      "version": "5.7.2",
      "resolved": "https://registry.npmjs.org/typescript/-/typescript-5.7.2.tgz",
      "integrity": "sha512-i5t66RHxDvVN40HfDd1PsEThGNnlMCMT3jMUuoh9/0TaqWevNontacunWyN02LA9/fIbEWlcHZcgTKb9QoaLfg==",
      "license": "Apache-2.0",
      "bin": {
        "tsc": "bin/tsc",
        "tsserver": "bin/tsserver"
      },
      "engines": {
        "node": ">=14.17"
      }
    }
  }
}
